// !$*UTF8*$!
{
	archiveVersion = 1;
	classes = {
	};
	objectVersion = 46;
	objects = {

/* Begin PBXBuildFile section */
		6F4FF0A31A02A47200501CE4 /* main.m in Sources */ = {isa = PBXBuildFile; fileRef = 6F4FF0A21A02A47200501CE4 /* main.m */; };
		6F4FF0A61A02A47200501CE4 /* AppDelegate.m in Sources */ = {isa = PBXBuildFile; fileRef = 6F4FF0A51A02A47200501CE4 /* AppDelegate.m */; };
		6F4FF0AC1A02A47200501CE4 /* Main.storyboard in Resources */ = {isa = PBXBuildFile; fileRef = 6F4FF0AA1A02A47200501CE4 /* Main.storyboard */; };
		6F4FF0AE1A02A47200501CE4 /* Images.xcassets in Resources */ = {isa = PBXBuildFile; fileRef = 6F4FF0AD1A02A47200501CE4 /* Images.xcassets */; };
		6F4FF0B11A02A47200501CE4 /* LaunchScreen.xib in Resources */ = {isa = PBXBuildFile; fileRef = 6F4FF0AF1A02A47200501CE4 /* LaunchScreen.xib */; };
		6F4FF0BD1A02A47200501CE4 /* BirthdayBuddiesTests.m in Sources */ = {isa = PBXBuildFile; fileRef = 6F4FF0BC1A02A47200501CE4 /* BirthdayBuddiesTests.m */; };
		6FF806A21A11454F0024FE94 /* PQUser.m in Sources */ = {isa = PBXBuildFile; fileRef = 6FF806A11A11454F0024FE94 /* PQUser.m */; };
		6FF806A81A1155430024FE94 /* PQEnum.m in Sources */ = {isa = PBXBuildFile; fileRef = 6FF806A71A1155430024FE94 /* PQEnum.m */; };
/* End PBXBuildFile section */

/* Begin PBXContainerItemProxy section */
		6F4FF0B71A02A47200501CE4 /* PBXContainerItemProxy */ = {
			isa = PBXContainerItemProxy;
			containerPortal = 6F4FF0951A02A47200501CE4 /* Project object */;
			proxyType = 1;
			remoteGlobalIDString = 6F4FF09C1A02A47200501CE4;
			remoteInfo = BirthdayBuddies;
		};
/* End PBXContainerItemProxy section */

/* Begin PBXFileReference section */
		6F4FF09D1A02A47200501CE4 /* BirthdayBuddies.app */ = {isa = PBXFileReference; explicitFileType = wrapper.application; includeInIndex = 0; path = BirthdayBuddies.app; sourceTree = BUILT_PRODUCTS_DIR; };
		6F4FF0A11A02A47200501CE4 /* Info.plist */ = {isa = PBXFileReference; lastKnownFileType = text.plist.xml; path = Info.plist; sourceTree = "<group>"; };
		6F4FF0A21A02A47200501CE4 /* main.m */ = {isa = PBXFileReference; lastKnownFileType = sourcecode.c.objc; path = main.m; sourceTree = "<group>"; };
		6F4FF0A41A02A47200501CE4 /* AppDelegate.h */ = {isa = PBXFileReference; lastKnownFileType = sourcecode.c.h; path = AppDelegate.h; sourceTree = "<group>"; };
		6F4FF0A51A02A47200501CE4 /* AppDelegate.m */ = {isa = PBXFileReference; lastKnownFileType = sourcecode.c.objc; path = AppDelegate.m; sourceTree = "<group>"; };
		6F4FF0AB1A02A47200501CE4 /* Base */ = {isa = PBXFileReference; lastKnownFileType = file.storyboard; name = Base; path = Base.lproj/Main.storyboard; sourceTree = "<group>"; };
		6F4FF0AD1A02A47200501CE4 /* Images.xcassets */ = {isa = PBXFileReference; lastKnownFileType = folder.assetcatalog; path = Images.xcassets; sourceTree = "<group>"; };
		6F4FF0B01A02A47200501CE4 /* Base */ = {isa = PBXFileReference; lastKnownFileType = file.xib; name = Base; path = Base.lproj/LaunchScreen.xib; sourceTree = "<group>"; };
		6F4FF0B61A02A47200501CE4 /* BirthdayBuddiesTests.xctest */ = {isa = PBXFileReference; explicitFileType = wrapper.cfbundle; includeInIndex = 0; path = BirthdayBuddiesTests.xctest; sourceTree = BUILT_PRODUCTS_DIR; };
		6F4FF0BB1A02A47200501CE4 /* Info.plist */ = {isa = PBXFileReference; lastKnownFileType = text.plist.xml; path = Info.plist; sourceTree = "<group>"; };
		6F4FF0BC1A02A47200501CE4 /* BirthdayBuddiesTests.m */ = {isa = PBXFileReference; lastKnownFileType = sourcecode.c.objc; path = BirthdayBuddiesTests.m; sourceTree = "<group>"; };
		6FF806A01A11454F0024FE94 /* PQUser.h */ = {isa = PBXFileReference; fileEncoding = 4; lastKnownFileType = sourcecode.c.h; name = PQUser.h; path = Model/PQUser.h; sourceTree = "<group>"; };
		6FF806A11A11454F0024FE94 /* PQUser.m */ = {isa = PBXFileReference; fileEncoding = 4; lastKnownFileType = sourcecode.c.objc; name = PQUser.m; path = Model/PQUser.m; sourceTree = "<group>"; };
		6FF806A61A1155430024FE94 /* PQEnum.h */ = {isa = PBXFileReference; fileEncoding = 4; lastKnownFileType = sourcecode.c.h; name = PQEnum.h; path = Enum/PQEnum.h; sourceTree = "<group>"; };
		6FF806A71A1155430024FE94 /* PQEnum.m */ = {isa = PBXFileReference; fileEncoding = 4; lastKnownFileType = sourcecode.c.objc; name = PQEnum.m; path = Enum/PQEnum.m; sourceTree = "<group>"; };
/* End PBXFileReference section */

/* Begin PBXFrameworksBuildPhase section */
		6F4FF09A1A02A47200501CE4 /* Frameworks */ = {
			isa = PBXFrameworksBuildPhase;
			buildActionMask = 2147483647;
			files = (
			);
			runOnlyForDeploymentPostprocessing = 0;
		};
		6F4FF0B31A02A47200501CE4 /* Frameworks */ = {
			isa = PBXFrameworksBuildPhase;
			buildActionMask = 2147483647;
			files = (
			);
			runOnlyForDeploymentPostprocessing = 0;
		};
/* End PBXFrameworksBuildPhase section */

/* Begin PBXGroup section */
		6F4FF0941A02A47200501CE4 = {
			isa = PBXGroup;
			children = (
				6F4FF09F1A02A47200501CE4 /* BirthdayBuddies */,
				6F4FF0B91A02A47200501CE4 /* BirthdayBuddiesTests */,
				6F4FF09E1A02A47200501CE4 /* Products */,
			);
			sourceTree = "<group>";
		};
		6F4FF09E1A02A47200501CE4 /* Products */ = {
			isa = PBXGroup;
			children = (
				6F4FF09D1A02A47200501CE4 /* BirthdayBuddies.app */,
				6F4FF0B61A02A47200501CE4 /* BirthdayBuddiesTests.xctest */,
			);
			name = Products;
			sourceTree = "<group>";
		};
		6F4FF09F1A02A47200501CE4 /* BirthdayBuddies */ = {
			isa = PBXGroup;
			children = (
				6FF806A31A1154950024FE94 /* Enum */,
				6FF8069F1A1145090024FE94 /* Model */,
				6F4FF0A41A02A47200501CE4 /* AppDelegate.h */,
				6F4FF0A51A02A47200501CE4 /* AppDelegate.m */,
				6F4FF0AA1A02A47200501CE4 /* Main.storyboard */,
				6F4FF0AD1A02A47200501CE4 /* Images.xcassets */,
				6F4FF0AF1A02A47200501CE4 /* LaunchScreen.xib */,
				6F4FF0A01A02A47200501CE4 /* Supporting Files */,
			);
			path = BirthdayBuddies;
			sourceTree = "<group>";
		};
		6F4FF0A01A02A47200501CE4 /* Supporting Files */ = {
			isa = PBXGroup;
			children = (
				6F4FF0A11A02A47200501CE4 /* Info.plist */,
				6F4FF0A21A02A47200501CE4 /* main.m */,
			);
			name = "Supporting Files";
			sourceTree = "<group>";
		};
		6F4FF0B91A02A47200501CE4 /* BirthdayBuddiesTests */ = {
			isa = PBXGroup;
			children = (
				6F4FF0BC1A02A47200501CE4 /* BirthdayBuddiesTests.m */,
				6F4FF0BA1A02A47200501CE4 /* Supporting Files */,
			);
			path = BirthdayBuddiesTests;
			sourceTree = "<group>";
		};
		6F4FF0BA1A02A47200501CE4 /* Supporting Files */ = {
			isa = PBXGroup;
			children = (
				6F4FF0BB1A02A47200501CE4 /* Info.plist */,
			);
			name = "Supporting Files";
			sourceTree = "<group>";
		};
		6FF8069F1A1145090024FE94 /* Model */ = {
			isa = PBXGroup;
			children = (
				6FF806A01A11454F0024FE94 /* PQUser.h */,
				6FF806A11A11454F0024FE94 /* PQUser.m */,
			);
			name = Model;
			sourceTree = "<group>";
		};
		6FF806A31A1154950024FE94 /* Enum */ = {
			isa = PBXGroup;
			children = (
				6FF806A61A1155430024FE94 /* PQEnum.h */,
				6FF806A71A1155430024FE94 /* PQEnum.m */,
			);
			name = Enum;
			sourceTree = "<group>";
		};
/* End PBXGroup section */

/* Begin PBXNativeTarget section */
		6F4FF09C1A02A47200501CE4 /* BirthdayBuddies */ = {
			isa = PBXNativeTarget;
			buildConfigurationList = 6F4FF0C01A02A47200501CE4 /* Build configuration list for PBXNativeTarget "BirthdayBuddies" */;
			buildPhases = (
				6F4FF0991A02A47200501CE4 /* Sources */,
				6F4FF09A1A02A47200501CE4 /* Frameworks */,
				6F4FF09B1A02A47200501CE4 /* Resources */,
			);
			buildRules = (
			);
			dependencies = (
			);
			name = BirthdayBuddies;
			productName = BirthdayBuddies;
			productReference = 6F4FF09D1A02A47200501CE4 /* BirthdayBuddies.app */;
			productType = "com.apple.product-type.application";
		};
		6F4FF0B51A02A47200501CE4 /* BirthdayBuddiesTests */ = {
			isa = PBXNativeTarget;
			buildConfigurationList = 6F4FF0C31A02A47200501CE4 /* Build configuration list for PBXNativeTarget "BirthdayBuddiesTests" */;
			buildPhases = (
				6F4FF0B21A02A47200501CE4 /* Sources */,
				6F4FF0B31A02A47200501CE4 /* Frameworks */,
				6F4FF0B41A02A47200501CE4 /* Resources */,
			);
			buildRules = (
			);
			dependencies = (
				6F4FF0B81A02A47200501CE4 /* PBXTargetDependency */,
			);
			name = BirthdayBuddiesTests;
			productName = BirthdayBuddiesTests;
			productReference = 6F4FF0B61A02A47200501CE4 /* BirthdayBuddiesTests.xctest */;
			productType = "com.apple.product-type.bundle.unit-test";
		};
/* End PBXNativeTarget section */

/* Begin PBXProject section */
		6F4FF0951A02A47200501CE4 /* Project object */ = {
			isa = PBXProject;
			attributes = {
				LastUpgradeCheck = 0610;
				ORGANIZATIONNAME = "Le Thai Phuc Quang";
				TargetAttributes = {
					6F4FF09C1A02A47200501CE4 = {
						CreatedOnToolsVersion = 6.1;
					};
					6F4FF0B51A02A47200501CE4 = {
						CreatedOnToolsVersion = 6.1;
						TestTargetID = 6F4FF09C1A02A47200501CE4;
					};
				};
			};
			buildConfigurationList = 6F4FF0981A02A47200501CE4 /* Build configuration list for PBXProject "BirthdayBuddies" */;
			compatibilityVersion = "Xcode 3.2";
			developmentRegion = English;
			hasScannedForEncodings = 0;
			knownRegions = (
				en,
				Base,
			);
			mainGroup = 6F4FF0941A02A47200501CE4;
			productRefGroup = 6F4FF09E1A02A47200501CE4 /* Products */;
			projectDirPath = "";
			projectRoot = "";
			targets = (
				6F4FF09C1A02A47200501CE4 /* BirthdayBuddies */,
				6F4FF0B51A02A47200501CE4 /* BirthdayBuddiesTests */,
			);
		};
/* End PBXProject section */

/* Begin PBXResourcesBuildPhase section */
		6F4FF09B1A02A47200501CE4 /* Resources */ = {
			isa = PBXResourcesBuildPhase;
			buildActionMask = 2147483647;
			files = (
				6F4FF0AC1A02A47200501CE4 /* Main.storyboard in Resources */,
				6F4FF0B11A02A47200501CE4 /* LaunchScreen.xib in Resources */,
				6F4FF0AE1A02A47200501CE4 /* Images.xcassets in Resources */,
			);
			runOnlyForDeploymentPostprocessing = 0;
		};
		6F4FF0B41A02A47200501CE4 /* Resources */ = {
			isa = PBXResourcesBuildPhase;
			buildActionMask = 2147483647;
			files = (
			);
			runOnlyForDeploymentPostprocessing = 0;
		};
/* End PBXResourcesBuildPhase section */

/* Begin PBXSourcesBuildPhase section */
		6F4FF0991A02A47200501CE4 /* Sources */ = {
			isa = PBXSourcesBuildPhase;
			buildActionMask = 2147483647;
			files = (
				6F4FF0A61A02A47200501CE4 /* AppDelegate.m in Sources */,
				6FF806A81A1155430024FE94 /* PQEnum.m in Sources */,
				6F4FF0A31A02A47200501CE4 /* main.m in Sources */,
				6FF806A21A11454F0024FE94 /* PQUser.m in Sources */,
			);
			runOnlyForDeploymentPostprocessing = 0;
		};
		6F4FF0B21A02A47200501CE4 /* Sources */ = {
			isa = PBXSourcesBuildPhase;
			buildActionMask = 2147483647;
			files = (
				6F4FF0BD1A02A47200501CE4 /* BirthdayBuddiesTests.m in Sources */,
			);
			runOnlyForDeploymentPostprocessing = 0;
		};
/* End PBXSourcesBuildPhase section */

/* Begin PBXTargetDependency section */
		6F4FF0B81A02A47200501CE4 /* PBXTargetDependency */ = {
			isa = PBXTargetDependency;
			target = 6F4FF09C1A02A47200501CE4 /* BirthdayBuddies */;
			targetProxy = 6F4FF0B71A02A47200501CE4 /* PBXContainerItemProxy */;
		};
/* End PBXTargetDependency section */

/* Begin PBXVariantGroup section */
		6F4FF0AA1A02A47200501CE4 /* Main.storyboard */ = {
			isa = PBXVariantGroup;
			children = (
				6F4FF0AB1A02A47200501CE4 /* Base */,
			);
			name = Main.storyboard;
			sourceTree = "<group>";
		};
		6F4FF0AF1A02A47200501CE4 /* LaunchScreen.xib */ = {
			isa = PBXVariantGroup;
			children = (
				6F4FF0B01A02A47200501CE4 /* Base */,
			);
			name = LaunchScreen.xib;
			sourceTree = "<group>";
		};
/* End PBXVariantGroup section */

/* Begin XCBuildConfiguration section */
		6F4FF0BE1A02A47200501CE4 /* Debug */ = {
			isa = XCBuildConfiguration;
			buildSettings = {
				ALWAYS_SEARCH_USER_PATHS = NO;
				CLANG_CXX_LANGUAGE_STANDARD = "gnu++0x";
				CLANG_CXX_LIBRARY = "libc++";
				CLANG_ENABLE_MODULES = YES;
				CLANG_ENABLE_OBJC_ARC = YES;
				CLANG_WARN_BOOL_CONVERSION = YES;
				CLANG_WARN_CONSTANT_CONVERSION = YES;
				CLANG_WARN_DIRECT_OBJC_ISA_USAGE = YES_ERROR;
				CLANG_WARN_EMPTY_BODY = YES;
				CLANG_WARN_ENUM_CONVERSION = YES;
				CLANG_WARN_INT_CONVERSION = YES;
				CLANG_WARN_OBJC_ROOT_CLASS = YES_ERROR;
				CLANG_WARN_UNREACHABLE_CODE = YES;
				CLANG_WARN__DUPLICATE_METHOD_MATCH = YES;
				"CODE_SIGN_IDENTITY[sdk=iphoneos*]" = "iPhone Developer";
				COPY_PHASE_STRIP = NO;
				ENABLE_STRICT_OBJC_MSGSEND = YES;
				GCC_C_LANGUAGE_STANDARD = gnu99;
				GCC_DYNAMIC_NO_PIC = NO;
				GCC_OPTIMIZATION_LEVEL = 0;
				GCC_PREPROCESSOR_DEFINITIONS = (
					"DEBUG=1",
					"$(inherited)",
				);
				GCC_SYMBOLS_PRIVATE_EXTERN = NO;
				GCC_WARN_64_TO_32_BIT_CONVERSION = YES;
				GCC_WARN_ABOUT_RETURN_TYPE = YES_ERROR;
				GCC_WARN_UNDECLARED_SELECTOR = YES;
				GCC_WARN_UNINITIALIZED_AUTOS = YES_AGGRESSIVE;
				GCC_WARN_UNUSED_FUNCTION = YES;
				GCC_WARN_UNUSED_VARIABLE = YES;
				IPHONEOS_DEPLOYMENT_TARGET = 8.1;
				MTL_ENABLE_DEBUG_INFO = YES;
				ONLY_ACTIVE_ARCH = YES;
				SDKROOT = iphoneos;
				TARGETED_DEVICE_FAMILY = "1,2";
			};
			name = Debug;
		};
		6F4FF0BF1A02A47200501CE4 /* Release */ = {
			isa = XCBuildConfiguration;
			buildSettings = {
				ALWAYS_SEARCH_USER_PATHS = NO;
				CLANG_CXX_LANGUAGE_STANDARD = "gnu++0x";
				CLANG_CXX_LIBRARY = "libc++";
				CLANG_ENABLE_MODULES = YES;
				CLANG_ENABLE_OBJC_ARC = YES;
				CLANG_WARN_BOOL_CONVERSION = YES;
				CLANG_WARN_CONSTANT_CONVERSION = YES;
				CLANG_WARN_DIRECT_OBJC_ISA_USAGE = YES_ERROR;
				CLANG_WARN_EMPTY_BODY = YES;
				CLANG_WARN_ENUM_CONVERSION = YES;
				CLANG_WARN_INT_CONVERSION = YES;
				CLANG_WARN_OBJC_ROOT_CLASS = YES_ERROR;
				CLANG_WARN_UNREACHABLE_CODE = YES;
				CLANG_WARN__DUPLICATE_METHOD_MATCH = YES;
				"CODE_SIGN_IDENTITY[sdk=iphoneos*]" = "iPhone Developer";
				COPY_PHASE_STRIP = YES;
				ENABLE_NS_ASSERTIONS = NO;
				ENABLE_STRICT_OBJC_MSGSEND = YES;
				GCC_C_LANGUAGE_STANDARD = gnu99;
				GCC_WARN_64_TO_32_BIT_CONVERSION = YES;
				GCC_WARN_ABOUT_RETURN_TYPE = YES_ERROR;
				GCC_WARN_UNDECLARED_SELECTOR = YES;
				GCC_WARN_UNINITIALIZED_AUTOS = YES_AGGRESSIVE;
				GCC_WARN_UNUSED_FUNCTION = YES;
				GCC_WARN_UNUSED_VARIABLE = YES;
				IPHONEOS_DEPLOYMENT_TARGET = 8.1;
				MTL_ENABLE_DEBUG_INFO = NO;
				SDKROOT = iphoneos;
				TARGETED_DEVICE_FAMILY = "1,2";
				VALIDATE_PRODUCT = YES;
			};
			name = Release;
		};
		6F4FF0C11A02A47200501CE4 /* Debug */ = {
			isa = XCBuildConfiguration;
			buildSettings = {
				ASSETCATALOG_COMPILER_APPICON_NAME = AppIcon;
				INFOPLIST_FILE = BirthdayBuddies/Info.plist;
				LD_RUNPATH_SEARCH_PATHS = "$(inherited) @executable_path/Frameworks";
				PRODUCT_NAME = "$(TARGET_NAME)";
			};
			name = Debug;
		};
		6F4FF0C21A02A47200501CE4 /* Release */ = {
			isa = XCBuildConfiguration;
			buildSettings = {
				ASSETCATALOG_COMPILER_APPICON_NAME = AppIcon;
				INFOPLIST_FILE = BirthdayBuddies/Info.plist;
				LD_RUNPATH_SEARCH_PATHS = "$(inherited) @executable_path/Frameworks";
				PRODUCT_NAME = "$(TARGET_NAME)";
			};
			name = Release;
		};
		6F4FF0C41A02A47200501CE4 /* Debug */ = {
			isa = XCBuildConfiguration;
			buildSettings = {
				BUNDLE_LOADER = "$(TEST_HOST)";
				FRAMEWORK_SEARCH_PATHS = (
					"$(SDKROOT)/Developer/Library/Frameworks",
					"$(inherited)",
				);
				GCC_PREPROCESSOR_DEFINITIONS = (
					"DEBUG=1",
					"$(inherited)",
				);
				INFOPLIST_FILE = BirthdayBuddiesTests/Info.plist;
				LD_RUNPATH_SEARCH_PATHS = "$(inherited) @executable_path/Frameworks @loader_path/Frameworks";
				PRODUCT_NAME = "$(TARGET_NAME)";
				TEST_HOST = "$(BUILT_PRODUCTS_DIR)/BirthdayBuddies.app/BirthdayBuddies";
			};
			name = Debug;
		};
		6F4FF0C51A02A47200501CE4 /* Release */ = {
			isa = XCBuildConfiguration;
			buildSettings = {
				BUNDLE_LOADER = "$(TEST_HOST)";
				FRAMEWORK_SEARCH_PATHS = (
					"$(SDKROOT)/Developer/Library/Frameworks",
					"$(inherited)",
				);
				INFOPLIST_FILE = BirthdayBuddiesTests/Info.plist;
				LD_RUNPATH_SEARCH_PATHS = "$(inherited) @executable_path/Frameworks @loader_path/Frameworks";
				PRODUCT_NAME = "$(TARGET_NAME)";
				TEST_HOST = "$(BUILT_PRODUCTS_DIR)/BirthdayBuddies.app/BirthdayBuddies";
			};
			name = Release;
		};
/* End XCBuildConfiguration section */

/* Begin XCConfigurationList section */
		6F4FF0981A02A47200501CE4 /* Build configuration list for PBXProject "BirthdayBuddies" */ = {
			isa = XCConfigurationList;
			buildConfigurations = (
				6F4FF0BE1A02A47200501CE4 /* Debug */,
				6F4FF0BF1A02A47200501CE4 /* Release */,
			);
			defaultConfigurationIsVisible = 0;
			defaultConfigurationName = Release;
		};
		6F4FF0C01A02A47200501CE4 /* Build configuration list for PBXNativeTarget "BirthdayBuddies" */ = {
			isa = XCConfigurationList;
			buildConfigurations = (
				6F4FF0C11A02A47200501CE4 /* Debug */,
				6F4FF0C21A02A47200501CE4 /* Release */,
			);
			defaultConfigurationIsVisible = 0;
			defaultConfigurationName = Release;
		};
		6F4FF0C31A02A47200501CE4 /* Build configuration list for PBXNativeTarget "BirthdayBuddiesTests" */ = {
			isa = XCConfigurationList;
			buildConfigurations = (
				6F4FF0C41A02A47200501CE4 /* Debug */,
				6F4FF0C51A02A47200501CE4 /* Release */,
			);
			defaultConfigurationIsVisible = 0;
			defaultConfigurationName = Release;
		};
/* End XCConfigurationList section */
	};
	rootObject = 6F4FF0951A02A47200501CE4 /* Project object */;
}
